
Microsoft Visual Studio Solution File, Format Version 12.00
# Visual Studio Version 17
VisualStudioVersion = 17.8.34525.116
MinimumVisualStudioVersion = 10.0.40219.1
Project("{FAE04EC0-301F-11D3-BF4B-00C04F79EFBC}") = "SuperHeoresApp", "SuperHeoresApp\SuperHeoresApp.csproj", "{3CAC0DF9-73B5-4153-B333-B519C2028B14}"
EndProject
Global
	GlobalSection(SolutionConfigurationPlatforms) = preSolution
		Debug|Any CPU = Debug|Any CPU
		Release|Any CPU = Release|Any CPU
	EndGlobalSection
	GlobalSection(ProjectConfigurationPlatforms) = postSolution
		{3CAC0DF9-73B5-4153-B333-B519C2028B14}.Debug|Any CPU.ActiveCfg = Debug|Any CPU
		{3CAC0DF9-73B5-4153-B333-B519C2028B14}.Debug|Any CPU.Build.0 = Debug|Any CPU
		{3CAC0DF9-73B5-4153-B333-B519C2028B14}.Release|Any CPU.ActiveCfg = Release|Any CPU
		{3CAC0DF9-73B5-4153-B333-B519C2028B14}.Release|Any CPU.Build.0 = Release|Any CPU
	EndGlobalSection
	GlobalSection(SolutionProperties) = preSolution
		HideSolutionNode = FALSE
	EndGlobalSection
	GlobalSection(ExtensibilityGlobals) = postSolution
		SolutionGuid = {47868686-9067-4CCE-82EB-F4827CAED579}
	EndGlobalSection
EndGlobal
