
Microsoft Visual Studio Solution File, Format Version 12.00
# Visual Studio Version 17
VisualStudioVersion = 17.8.34511.84
MinimumVisualStudioVersion = 10.0.40219.1
Project("{FAE04EC0-301F-11D3-BF4B-00C04F79EFBC}") = "Portafolio", "Portafolio\Portafolio.csproj", "{145863EF-3A49-4E0A-9B10-AFE6BCE1D61E}"
EndProject
Global
	GlobalSection(SolutionConfigurationPlatforms) = preSolution
		Debug|Any CPU = Debug|Any CPU
		Release|Any CPU = Release|Any CPU
	EndGlobalSection
	GlobalSection(ProjectConfigurationPlatforms) = postSolution
		{145863EF-3A49-4E0A-9B10-AFE6BCE1D61E}.Debug|Any CPU.ActiveCfg = Debug|Any CPU
		{145863EF-3A49-4E0A-9B10-AFE6BCE1D61E}.Debug|Any CPU.Build.0 = Debug|Any CPU
		{145863EF-3A49-4E0A-9B10-AFE6BCE1D61E}.Release|Any CPU.ActiveCfg = Release|Any CPU
		{145863EF-3A49-4E0A-9B10-AFE6BCE1D61E}.Release|Any CPU.Build.0 = Release|Any CPU
	EndGlobalSection
	GlobalSection(SolutionProperties) = preSolution
		HideSolutionNode = FALSE
	EndGlobalSection
	GlobalSection(ExtensibilityGlobals) = postSolution
		SolutionGuid = {87082AA2-6606-4B24-BD72-1681DCF969C9}
	EndGlobalSection
EndGlobal
